// !$*UTF8*$!
{
	archiveVersion = 1;
	classes = {
	};
	objectVersion = 46;
	objects = {

/* Begin PBXBuildFile section */
		E27334111B496C4700C4F1DA /* AppDelegate.swift in Sources */ = {isa = PBXBuildFile; fileRef = E27334101B496C4700C4F1DA /* AppDelegate.swift */; };
		E27334131B496C4700C4F1DA /* ViewController.swift in Sources */ = {isa = PBXBuildFile; fileRef = E27334121B496C4700C4F1DA /* ViewController.swift */; };
		E27334161B496C4700C4F1DA /* Main.storyboard in Resources */ = {isa = PBXBuildFile; fileRef = E27334141B496C4700C4F1DA /* Main.storyboard */; };
		E27334181B496C4700C4F1DA /* Images.xcassets in Resources */ = {isa = PBXBuildFile; fileRef = E27334171B496C4700C4F1DA /* Images.xcassets */; };
		E273341B1B496C4700C4F1DA /* LaunchScreen.xib in Resources */ = {isa = PBXBuildFile; fileRef = E27334191B496C4700C4F1DA /* LaunchScreen.xib */; };
		E27334271B496C4800C4F1DA /* Reduction_FormulaTests.swift in Sources */ = {isa = PBXBuildFile; fileRef = E27334261B496C4800C4F1DA /* Reduction_FormulaTests.swift */; };
		E2F148C11B90808800891B2D /* iAd.framework in Frameworks */ = {isa = PBXBuildFile; fileRef = E2F148C01B90808800891B2D /* iAd.framework */; };
/* End PBXBuildFile section */

/* Begin PBXContainerItemProxy section */
		E27334211B496C4800C4F1DA /* PBXContainerItemProxy */ = {
			isa = PBXContainerItemProxy;
			containerPortal = E27334031B496C4700C4F1DA /* Project object */;
			proxyType = 1;
			remoteGlobalIDString = E273340A1B496C4700C4F1DA;
			remoteInfo = "Reduction Formula";
		};
/* End PBXContainerItemProxy section */

/* Begin PBXFileReference section */
		E273340B1B496C4700C4F1DA /* Reduction Formula.app */ = {isa = PBXFileReference; explicitFileType = wrapper.application; includeInIndex = 0; path = "Reduction Formula.app"; sourceTree = BUILT_PRODUCTS_DIR; };
		E273340F1B496C4700C4F1DA /* Info.plist */ = {isa = PBXFileReference; lastKnownFileType = text.plist.xml; path = Info.plist; sourceTree = "<group>"; };
		E27334101B496C4700C4F1DA /* AppDelegate.swift */ = {isa = PBXFileReference; lastKnownFileType = sourcecode.swift; path = AppDelegate.swift; sourceTree = "<group>"; };
		E27334121B496C4700C4F1DA /* ViewController.swift */ = {isa = PBXFileReference; lastKnownFileType = sourcecode.swift; path = ViewController.swift; sourceTree = "<group>"; };
		E27334151B496C4700C4F1DA /* Base */ = {isa = PBXFileReference; lastKnownFileType = file.storyboard; name = Base; path = Base.lproj/Main.storyboard; sourceTree = "<group>"; };
		E27334171B496C4700C4F1DA /* Images.xcassets */ = {isa = PBXFileReference; lastKnownFileType = folder.assetcatalog; path = Images.xcassets; sourceTree = "<group>"; };
		E273341A1B496C4700C4F1DA /* Base */ = {isa = PBXFileReference; lastKnownFileType = file.xib; name = Base; path = Base.lproj/LaunchScreen.xib; sourceTree = "<group>"; };
		E27334201B496C4800C4F1DA /* Reduction FormulaTests.xctest */ = {isa = PBXFileReference; explicitFileType = wrapper.cfbundle; includeInIndex = 0; path = "Reduction FormulaTests.xctest"; sourceTree = BUILT_PRODUCTS_DIR; };
		E27334251B496C4800C4F1DA /* Info.plist */ = {isa = PBXFileReference; lastKnownFileType = text.plist.xml; path = Info.plist; sourceTree = "<group>"; };
		E27334261B496C4800C4F1DA /* Reduction_FormulaTests.swift */ = {isa = PBXFileReference; lastKnownFileType = sourcecode.swift; path = Reduction_FormulaTests.swift; sourceTree = "<group>"; };
		E2F148C01B90808800891B2D /* iAd.framework */ = {isa = PBXFileReference; lastKnownFileType = wrapper.framework; name = iAd.framework; path = System/Library/Frameworks/iAd.framework; sourceTree = SDKROOT; };
/* End PBXFileReference section */

/* Begin PBXFrameworksBuildPhase section */
		E27334081B496C4700C4F1DA /* Frameworks */ = {
			isa = PBXFrameworksBuildPhase;
			buildActionMask = 2147483647;
			files = (
				E2F148C11B90808800891B2D /* iAd.framework in Frameworks */,
			);
			runOnlyForDeploymentPostprocessing = 0;
		};
		E273341D1B496C4800C4F1DA /* Frameworks */ = {
			isa = PBXFrameworksBuildPhase;
			buildActionMask = 2147483647;
			files = (
			);
			runOnlyForDeploymentPostprocessing = 0;
		};
/* End PBXFrameworksBuildPhase section */

/* Begin PBXGroup section */
		E27334021B496C4700C4F1DA = {
			isa = PBXGroup;
			children = (
				E2F148C01B90808800891B2D /* iAd.framework */,
				E273340D1B496C4700C4F1DA /* Reduction Formula */,
				E27334231B496C4800C4F1DA /* Reduction FormulaTests */,
				E273340C1B496C4700C4F1DA /* Products */,
			);
			sourceTree = "<group>";
		};
		E273340C1B496C4700C4F1DA /* Products */ = {
			isa = PBXGroup;
			children = (
				E273340B1B496C4700C4F1DA /* Reduction Formula.app */,
				E27334201B496C4800C4F1DA /* Reduction FormulaTests.xctest */,
			);
			name = Products;
			sourceTree = "<group>";
		};
		E273340D1B496C4700C4F1DA /* Reduction Formula */ = {
			isa = PBXGroup;
			children = (
				E27334101B496C4700C4F1DA /* AppDelegate.swift */,
				E27334121B496C4700C4F1DA /* ViewController.swift */,
				E27334141B496C4700C4F1DA /* Main.storyboard */,
				E27334171B496C4700C4F1DA /* Images.xcassets */,
				E27334191B496C4700C4F1DA /* LaunchScreen.xib */,
				E273340E1B496C4700C4F1DA /* Supporting Files */,
			);
			path = "Reduction Formula";
			sourceTree = "<group>";
		};
		E273340E1B496C4700C4F1DA /* Supporting Files */ = {
			isa = PBXGroup;
			children = (
				E273340F1B496C4700C4F1DA /* Info.plist */,
			);
			name = "Supporting Files";
			sourceTree = "<group>";
		};
		E27334231B496C4800C4F1DA /* Reduction FormulaTests */ = {
			isa = PBXGroup;
			children = (
				E27334261B496C4800C4F1DA /* Reduction_FormulaTests.swift */,
				E27334241B496C4800C4F1DA /* Supporting Files */,
			);
			path = "Reduction FormulaTests";
			sourceTree = "<group>";
		};
		E27334241B496C4800C4F1DA /* Supporting Files */ = {
			isa = PBXGroup;
			children = (
				E27334251B496C4800C4F1DA /* Info.plist */,
			);
			name = "Supporting Files";
			sourceTree = "<group>";
		};
/* End PBXGroup section */

/* Begin PBXNativeTarget section */
		E273340A1B496C4700C4F1DA /* Reduction Formula */ = {
			isa = PBXNativeTarget;
			buildConfigurationList = E273342A1B496C4800C4F1DA /* Build configuration list for PBXNativeTarget "Reduction Formula" */;
			buildPhases = (
				E27334071B496C4700C4F1DA /* Sources */,
				E27334081B496C4700C4F1DA /* Frameworks */,
				E27334091B496C4700C4F1DA /* Resources */,
			);
			buildRules = (
			);
			dependencies = (
			);
			name = "Reduction Formula";
			productName = "Reduction Formula";
			productReference = E273340B1B496C4700C4F1DA /* Reduction Formula.app */;
			productType = "com.apple.product-type.application";
		};
		E273341F1B496C4800C4F1DA /* Reduction FormulaTests */ = {
			isa = PBXNativeTarget;
			buildConfigurationList = E273342D1B496C4800C4F1DA /* Build configuration list for PBXNativeTarget "Reduction FormulaTests" */;
			buildPhases = (
				E273341C1B496C4800C4F1DA /* Sources */,
				E273341D1B496C4800C4F1DA /* Frameworks */,
				E273341E1B496C4800C4F1DA /* Resources */,
			);
			buildRules = (
			);
			dependencies = (
				E27334221B496C4800C4F1DA /* PBXTargetDependency */,
			);
			name = "Reduction FormulaTests";
			productName = "Reduction FormulaTests";
			productReference = E27334201B496C4800C4F1DA /* Reduction FormulaTests.xctest */;
			productType = "com.apple.product-type.bundle.unit-test";
		};
/* End PBXNativeTarget section */

/* Begin PBXProject section */
		E27334031B496C4700C4F1DA /* Project object */ = {
			isa = PBXProject;
			attributes = {
				LastUpgradeCheck = 0630;
				ORGANIZATIONNAME = "Thomas Sheridan";
				TargetAttributes = {
					E273340A1B496C4700C4F1DA = {
						CreatedOnToolsVersion = 6.3.2;
					};
					E273341F1B496C4800C4F1DA = {
						CreatedOnToolsVersion = 6.3.2;
						TestTargetID = E273340A1B496C4700C4F1DA;
					};
				};
			};
			buildConfigurationList = E27334061B496C4700C4F1DA /* Build configuration list for PBXProject "Reduction Formula" */;
			compatibilityVersion = "Xcode 3.2";
			developmentRegion = English;
			hasScannedForEncodings = 0;
			knownRegions = (
				en,
				Base,
			);
			mainGroup = E27334021B496C4700C4F1DA;
			productRefGroup = E273340C1B496C4700C4F1DA /* Products */;
			projectDirPath = "";
			projectRoot = "";
			targets = (
				E273340A1B496C4700C4F1DA /* Reduction Formula */,
				E273341F1B496C4800C4F1DA /* Reduction FormulaTests */,
			);
		};
/* End PBXProject section */

/* Begin PBXResourcesBuildPhase section */
		E27334091B496C4700C4F1DA /* Resources */ = {
			isa = PBXResourcesBuildPhase;
			buildActionMask = 2147483647;
			files = (
				E27334161B496C4700C4F1DA /* Main.storyboard in Resources */,
				E273341B1B496C4700C4F1DA /* LaunchScreen.xib in Resources */,
				E27334181B496C4700C4F1DA /* Images.xcassets in Resources */,
			);
			runOnlyForDeploymentPostprocessing = 0;
		};
		E273341E1B496C4800C4F1DA /* Resources */ = {
			isa = PBXResourcesBuildPhase;
			buildActionMask = 2147483647;
			files = (
			);
			runOnlyForDeploymentPostprocessing = 0;
		};
/* End PBXResourcesBuildPhase section */

/* Begin PBXSourcesBuildPhase section */
		E27334071B496C4700C4F1DA /* Sources */ = {
			isa = PBXSourcesBuildPhase;
			buildActionMask = 2147483647;
			files = (
				E27334131B496C4700C4F1DA /* ViewController.swift in Sources */,
				E27334111B496C4700C4F1DA /* AppDelegate.swift in Sources */,
			);
			runOnlyForDeploymentPostprocessing = 0;
		};
		E273341C1B496C4800C4F1DA /* Sources */ = {
			isa = PBXSourcesBuildPhase;
			buildActionMask = 2147483647;
			files = (
				E27334271B496C4800C4F1DA /* Reduction_FormulaTests.swift in Sources */,
			);
			runOnlyForDeploymentPostprocessing = 0;
		};
/* End PBXSourcesBuildPhase section */

/* Begin PBXTargetDependency section */
		E27334221B496C4800C4F1DA /* PBXTargetDependency */ = {
			isa = PBXTargetDependency;
			target = E273340A1B496C4700C4F1DA /* Reduction Formula */;
			targetProxy = E27334211B496C4800C4F1DA /* PBXContainerItemProxy */;
		};
/* End PBXTargetDependency section */

/* Begin PBXVariantGroup section */
		E27334141B496C4700C4F1DA /* Main.storyboard */ = {
			isa = PBXVariantGroup;
			children = (
				E27334151B496C4700C4F1DA /* Base */,
			);
			name = Main.storyboard;
			sourceTree = "<group>";
		};
		E27334191B496C4700C4F1DA /* LaunchScreen.xib */ = {
			isa = PBXVariantGroup;
			children = (
				E273341A1B496C4700C4F1DA /* Base */,
			);
			name = LaunchScreen.xib;
			sourceTree = "<group>";
		};
/* End PBXVariantGroup section */

/* Begin XCBuildConfiguration section */
		E27334281B496C4800C4F1DA /* Debug */ = {
			isa = XCBuildConfiguration;
			buildSettings = {
				ALWAYS_SEARCH_USER_PATHS = NO;
				CLANG_CXX_LANGUAGE_STANDARD = "gnu++0x";
				CLANG_CXX_LIBRARY = "libc++";
				CLANG_ENABLE_MODULES = YES;
				CLANG_ENABLE_OBJC_ARC = YES;
				CLANG_WARN_BOOL_CONVERSION = YES;
				CLANG_WARN_CONSTANT_CONVERSION = YES;
				CLANG_WARN_DIRECT_OBJC_ISA_USAGE = YES_ERROR;
				CLANG_WARN_EMPTY_BODY = YES;
				CLANG_WARN_ENUM_CONVERSION = YES;
				CLANG_WARN_INT_CONVERSION = YES;
				CLANG_WARN_OBJC_ROOT_CLASS = YES_ERROR;
				CLANG_WARN_UNREACHABLE_CODE = YES;
				CLANG_WARN__DUPLICATE_METHOD_MATCH = YES;
				"CODE_SIGN_IDENTITY[sdk=iphoneos*]" = "iPhone Developer";
				COPY_PHASE_STRIP = NO;
				DEBUG_INFORMATION_FORMAT = "dwarf-with-dsym";
				ENABLE_STRICT_OBJC_MSGSEND = YES;
				GCC_C_LANGUAGE_STANDARD = gnu99;
				GCC_DYNAMIC_NO_PIC = NO;
				GCC_NO_COMMON_BLOCKS = YES;
				GCC_OPTIMIZATION_LEVEL = 0;
				GCC_PREPROCESSOR_DEFINITIONS = (
					"DEBUG=1",
					"$(inherited)",
				);
				GCC_SYMBOLS_PRIVATE_EXTERN = NO;
				GCC_WARN_64_TO_32_BIT_CONVERSION = YES;
				GCC_WARN_ABOUT_RETURN_TYPE = YES_ERROR;
				GCC_WARN_UNDECLARED_SELECTOR = YES;
				GCC_WARN_UNINITIALIZED_AUTOS = YES_AGGRESSIVE;
				GCC_WARN_UNUSED_FUNCTION = YES;
				GCC_WARN_UNUSED_VARIABLE = YES;
				IPHONEOS_DEPLOYMENT_TARGET = 8.3;
				MTL_ENABLE_DEBUG_INFO = YES;
				ONLY_ACTIVE_ARCH = YES;
				SDKROOT = iphoneos;
				SWIFT_OPTIMIZATION_LEVEL = "-Onone";
				TARGETED_DEVICE_FAMILY = "1,2";
			};
			name = Debug;
		};
		E27334291B496C4800C4F1DA /* Release */ = {
			isa = XCBuildConfiguration;
			buildSettings = {
				ALWAYS_SEARCH_USER_PATHS = NO;
				CLANG_CXX_LANGUAGE_STANDARD = "gnu++0x";
				CLANG_CXX_LIBRARY = "libc++";
				CLANG_ENABLE_MODULES = YES;
				CLANG_ENABLE_OBJC_ARC = YES;
				CLANG_WARN_BOOL_CONVERSION = YES;
				CLANG_WARN_CONSTANT_CONVERSION = YES;
				CLANG_WARN_DIRECT_OBJC_ISA_USAGE = YES_ERROR;
				CLANG_WARN_EMPTY_BODY = YES;
				CLANG_WARN_ENUM_CONVERSION = YES;
				CLANG_WARN_INT_CONVERSION = YES;
				CLANG_WARN_OBJC_ROOT_CLASS = YES_ERROR;
				CLANG_WARN_UNREACHABLE_CODE = YES;
				CLANG_WARN__DUPLICATE_METHOD_MATCH = YES;
				"CODE_SIGN_IDENTITY[sdk=iphoneos*]" = "iPhone Developer";
				COPY_PHASE_STRIP = NO;
				DEBUG_INFORMATION_FORMAT = "dwarf-with-dsym";
				ENABLE_NS_ASSERTIONS = NO;
				ENABLE_STRICT_OBJC_MSGSEND = YES;
				GCC_C_LANGUAGE_STANDARD = gnu99;
				GCC_NO_COMMON_BLOCKS = YES;
				GCC_WARN_64_TO_32_BIT_CONVERSION = YES;
				GCC_WARN_ABOUT_RETURN_TYPE = YES_ERROR;
				GCC_WARN_UNDECLARED_SELECTOR = YES;
				GCC_WARN_UNINITIALIZED_AUTOS = YES_AGGRESSIVE;
				GCC_WARN_UNUSED_FUNCTION = YES;
				GCC_WARN_UNUSED_VARIABLE = YES;
				IPHONEOS_DEPLOYMENT_TARGET = 8.3;
				MTL_ENABLE_DEBUG_INFO = NO;
				SDKROOT = iphoneos;
				TARGETED_DEVICE_FAMILY = "1,2";
				VALIDATE_PRODUCT = YES;
			};
			name = Release;
		};
		E273342B1B496C4800C4F1DA /* Debug */ = {
			isa = XCBuildConfiguration;
			buildSettings = {
				ASSETCATALOG_COMPILER_APPICON_NAME = AppIcon;
				ASSETCATALOG_COMPILER_LAUNCHIMAGE_NAME = LaunchImage;
				INFOPLIST_FILE = "Reduction Formula/Info.plist";
				IPHONEOS_DEPLOYMENT_TARGET = 7.1;
				LD_RUNPATH_SEARCH_PATHS = "$(inherited) @executable_path/Frameworks";
				PRODUCT_NAME = "$(TARGET_NAME)";
				TARGETED_DEVICE_FAMILY = 1;
			};
			name = Debug;
		};
		E273342C1B496C4800C4F1DA /* Release */ = {
			isa = XCBuildConfiguration;
			buildSettings = {
				ASSETCATALOG_COMPILER_APPICON_NAME = AppIcon;
				ASSETCATALOG_COMPILER_LAUNCHIMAGE_NAME = LaunchImage;
				INFOPLIST_FILE = "Reduction Formula/Info.plist";
				IPHONEOS_DEPLOYMENT_TARGET = 7.1;
				LD_RUNPATH_SEARCH_PATHS = "$(inherited) @executable_path/Frameworks";
				PRODUCT_NAME = "$(TARGET_NAME)";
				TARGETED_DEVICE_FAMILY = 1;
			};
			name = Release;
		};
		E273342E1B496C4800C4F1DA /* Debug */ = {
			isa = XCBuildConfiguration;
			buildSettings = {
				BUNDLE_LOADER = "$(TEST_HOST)";
				FRAMEWORK_SEARCH_PATHS = (
					"$(SDKROOT)/Developer/Library/Frameworks",
					"$(inherited)",
				);
				GCC_PREPROCESSOR_DEFINITIONS = (
					"DEBUG=1",
					"$(inherited)",
				);
				INFOPLIST_FILE = "Reduction FormulaTests/Info.plist";
				LD_RUNPATH_SEARCH_PATHS = "$(inherited) @executable_path/Frameworks @loader_path/Frameworks";
				PRODUCT_NAME = "$(TARGET_NAME)";
				TEST_HOST = "$(BUILT_PRODUCTS_DIR)/Reduction Formula.app/Reduction Formula";
			};
			name = Debug;
		};
		E273342F1B496C4800C4F1DA /* Release */ = {
			isa = XCBuildConfiguration;
			buildSettings = {
				BUNDLE_LOADER = "$(TEST_HOST)";
				FRAMEWORK_SEARCH_PATHS = (
					"$(SDKROOT)/Developer/Library/Frameworks",
					"$(inherited)",
				);
				INFOPLIST_FILE = "Reduction FormulaTests/Info.plist";
				LD_RUNPATH_SEARCH_PATHS = "$(inherited) @executable_path/Frameworks @loader_path/Frameworks";
				PRODUCT_NAME = "$(TARGET_NAME)";
				TEST_HOST = "$(BUILT_PRODUCTS_DIR)/Reduction Formula.app/Reduction Formula";
			};
			name = Release;
		};
/* End XCBuildConfiguration section */

/* Begin XCConfigurationList section */
		E27334061B496C4700C4F1DA /* Build configuration list for PBXProject "Reduction Formula" */ = {
			isa = XCConfigurationList;
			buildConfigurations = (
				E27334281B496C4800C4F1DA /* Debug */,
				E27334291B496C4800C4F1DA /* Release */,
			);
			defaultConfigurationIsVisible = 0;
			defaultConfigurationName = Release;
		};
		E273342A1B496C4800C4F1DA /* Build configuration list for PBXNativeTarget "Reduction Formula" */ = {
			isa = XCConfigurationList;
			buildConfigurations = (
				E273342B1B496C4800C4F1DA /* Debug */,
				E273342C1B496C4800C4F1DA /* Release */,
			);
			defaultConfigurationIsVisible = 0;
			defaultConfigurationName = Release;
		};
		E273342D1B496C4800C4F1DA /* Build configuration list for PBXNativeTarget "Reduction FormulaTests" */ = {
			isa = XCConfigurationList;
			buildConfigurations = (
				E273342E1B496C4800C4F1DA /* Debug */,
				E273342F1B496C4800C4F1DA /* Release */,
			);
			defaultConfigurationIsVisible = 0;
			defaultConfigurationName = Release;
		};
/* End XCConfigurationList section */
	};
	rootObject = E27334031B496C4700C4F1DA /* Project object */;
}
